
Microsoft Visual Studio Solution File, Format Version 12.00
# Visual Studio Version 17
VisualStudioVersion = 17.8.34330.188
MinimumVisualStudioVersion = 10.0.40219.1
Project("{FAE04EC0-301F-11D3-BF4B-00C04F79EFBC}") = "PracticeDec28_2PM", "PracticeDec28_2PM\PracticeDec28_2PM.csproj", "{59CE3FDC-ADD6-4948-8A90-5ADE27B86D5B}"
EndProject
Global
	GlobalSection(SolutionConfigurationPlatforms) = preSolution
		Debug|Any CPU = Debug|Any CPU
		Release|Any CPU = Release|Any CPU
	EndGlobalSection
	GlobalSection(ProjectConfigurationPlatforms) = postSolution
		{59CE3FDC-ADD6-4948-8A90-5ADE27B86D5B}.Debug|Any CPU.ActiveCfg = Debug|Any CPU
		{59CE3FDC-ADD6-4948-8A90-5ADE27B86D5B}.Debug|Any CPU.Build.0 = Debug|Any CPU
		{59CE3FDC-ADD6-4948-8A90-5ADE27B86D5B}.Release|Any CPU.ActiveCfg = Release|Any CPU
		{59CE3FDC-ADD6-4948-8A90-5ADE27B86D5B}.Release|Any CPU.Build.0 = Release|Any CPU
	EndGlobalSection
	GlobalSection(SolutionProperties) = preSolution
		HideSolutionNode = FALSE
	EndGlobalSection
	GlobalSection(ExtensibilityGlobals) = postSolution
		SolutionGuid = {E444C664-45BF-4A07-B3A1-7A91C1297240}
	EndGlobalSection
EndGlobal
